{
  "originHash" : "d39b39e243acf9e4d116a625ac8c683f5426d373584aa2cf1195f40176a4d327",
  "pins" : [
    {
      "identity" : "meta-wearables-dat-ios",
      "kind" : "remoteSourceControl",
      "location" : "https://github.com/facebook/meta-wearables-dat-ios",
      "state" : {
        "revision" : "2e30f1253ab76ee3c448a29dce39114ab09763c3",
        "version" : "0.8.0"
      }
    },
    {
      "identity" : "yolo-ios-app",
      "kind" : "remoteSourceControl",
      "location" : "https://github.com/ultralytics/yolo-ios-app.git",
      "state" : {
        "revision" : "7bb1b4b01f5f592e13c039f45b85cf8f89057dfe",
        "version" : "8.9.11"
      }
    }
  ],
  "version" : 3
}
